
Microsoft Visual Studio Solution File, Format Version 12.00
# Visual Studio 15
VisualStudioVersion = 15.0.28010.2003
MinimumVisualStudioVersion = 10.0.40219.1
Project("{FAE04EC0-301F-11D3-BF4B-00C04F79EFBC}") = "ClassSchedule_1", "ClassSchedule_1\ClassSchedule_1.csproj", "{DFBF1793-6B48-410B-88DC-4FDC456E5D4C}"
EndProject
Global
	GlobalSection(SolutionConfigurationPlatforms) = preSolution
		Debug|ARM = Debug|ARM
		Debug|x64 = Debug|x64
		Debug|x86 = Debug|x86
		Release|ARM = Release|ARM
		Release|x64 = Release|x64
		Release|x86 = Release|x86
	EndGlobalSection
	GlobalSection(ProjectConfigurationPlatforms) = postSolution
		{DFBF1793-6B48-410B-88DC-4FDC456E5D4C}.Debug|ARM.ActiveCfg = Debug|ARM
		{DFBF1793-6B48-410B-88DC-4FDC456E5D4C}.Debug|ARM.Build.0 = Debug|ARM
		{DFBF1793-6B48-410B-88DC-4FDC456E5D4C}.Debug|ARM.Deploy.0 = Debug|ARM
		{DFBF1793-6B48-410B-88DC-4FDC456E5D4C}.Debug|x64.ActiveCfg = Debug|x64
		{DFBF1793-6B48-410B-88DC-4FDC456E5D4C}.Debug|x64.Build.0 = Debug|x64
		{DFBF1793-6B48-410B-88DC-4FDC456E5D4C}.Debug|x64.Deploy.0 = Debug|x64
		{DFBF1793-6B48-410B-88DC-4FDC456E5D4C}.Debug|x86.ActiveCfg = Debug|x86
		{DFBF1793-6B48-410B-88DC-4FDC456E5D4C}.Debug|x86.Build.0 = Debug|x86
		{DFBF1793-6B48-410B-88DC-4FDC456E5D4C}.Debug|x86.Deploy.0 = Debug|x86
		{DFBF1793-6B48-410B-88DC-4FDC456E5D4C}.Release|ARM.ActiveCfg = Release|ARM
		{DFBF1793-6B48-410B-88DC-4FDC456E5D4C}.Release|ARM.Build.0 = Release|ARM
		{DFBF1793-6B48-410B-88DC-4FDC456E5D4C}.Release|ARM.Deploy.0 = Release|ARM
		{DFBF1793-6B48-410B-88DC-4FDC456E5D4C}.Release|x64.ActiveCfg = Release|x64
		{DFBF1793-6B48-410B-88DC-4FDC456E5D4C}.Release|x64.Build.0 = Release|x64
		{DFBF1793-6B48-410B-88DC-4FDC456E5D4C}.Release|x64.Deploy.0 = Release|x64
		{DFBF1793-6B48-410B-88DC-4FDC456E5D4C}.Release|x86.ActiveCfg = Release|x86
		{DFBF1793-6B48-410B-88DC-4FDC456E5D4C}.Release|x86.Build.0 = Release|x86
		{DFBF1793-6B48-410B-88DC-4FDC456E5D4C}.Release|x86.Deploy.0 = Release|x86
	EndGlobalSection
	GlobalSection(SolutionProperties) = preSolution
		HideSolutionNode = FALSE
	EndGlobalSection
	GlobalSection(ExtensibilityGlobals) = postSolution
		SolutionGuid = {34EB04A5-1264-46B2-9FE6-085C106EC20D}
	EndGlobalSection
EndGlobal
